# This file is automatically @generated by Cargo.
# It is not intended for manual editing.
version = 4

[[package]]
name = "prime_numbers"
version = "0.1.0"
dependencies = [
 "progress_bar",
]

[[package]]
name = "progress_bar"
version = "1.5.2"
source = "registry+https://github.com/rust-lang/crates.io-index"
checksum = "770af7c1e5b3fd08cc06b321c99b37f8c2bcb23461f7d97edab452f1a9965fe8"
